github.com/RedeployAB/go-template/templates/service v0.0.0-20230925171834-c8892605c3ac h1:Dq4nCne3kCtwiuVWt8xDdOShgwyVaA21OPWQHt89O4E=
github.com/RedeployAB/go-template/templates/service v0.0.0-20230925171834-c8892605c3ac/go.mod h1:BTv4Bjg+Fl9GYsDAeeureDqEJEJXxuSYa65mQpSbEBg=
github.com/google/go-cmp v0.6.0 h1:ofyhxvXcZhMsU5ulbFiLKl/XBFqE1GSq7atu8tAmTRI=
github.com/google/go-cmp v0.6.0/go.mod h1:17dUlkBOakJ0+DkrSSNjCkIjxS6bF9zb3elmeNGIjoY=
